
Microsoft Visual Studio Solution File, Format Version 12.00
# Visual Studio Version 16
VisualStudioVersion = 16.0.33027.164
MinimumVisualStudioVersion = 10.0.40219.1
Project("{9A19103F-16F7-4668-BE54-9A1E7A4F7556}") = "NotificationApp", "NotificationApp.csproj", "{C0D28C40-9C7C-4524-AF44-87BEA0FEDF26}"
EndProject
Project("{FAE04EC0-301F-11D3-BF4B-00C04F79EFBC}") = "TestNotificationApp", "..\TestNotificationApp\TestNotificationApp.csproj", "{499FA4BB-CF5E-48CB-8439-A99F8705CD0A}"
EndProject
Global
	GlobalSection(SolutionConfigurationPlatforms) = preSolution
		Debug|Any CPU = Debug|Any CPU
		Release|Any CPU = Release|Any CPU
	EndGlobalSection
	GlobalSection(ProjectConfigurationPlatforms) = postSolution
		{C0D28C40-9C7C-4524-AF44-87BEA0FEDF26}.Debug|Any CPU.ActiveCfg = Debug|Any CPU
		{C0D28C40-9C7C-4524-AF44-87BEA0FEDF26}.Debug|Any CPU.Build.0 = Debug|Any CPU
		{C0D28C40-9C7C-4524-AF44-87BEA0FEDF26}.Release|Any CPU.ActiveCfg = Release|Any CPU
		{C0D28C40-9C7C-4524-AF44-87BEA0FEDF26}.Release|Any CPU.Build.0 = Release|Any CPU
		{499FA4BB-CF5E-48CB-8439-A99F8705CD0A}.Debug|Any CPU.ActiveCfg = Debug|Any CPU
		{499FA4BB-CF5E-48CB-8439-A99F8705CD0A}.Debug|Any CPU.Build.0 = Debug|Any CPU
		{499FA4BB-CF5E-48CB-8439-A99F8705CD0A}.Release|Any CPU.ActiveCfg = Release|Any CPU
		{499FA4BB-CF5E-48CB-8439-A99F8705CD0A}.Release|Any CPU.Build.0 = Release|Any CPU
	EndGlobalSection
	GlobalSection(SolutionProperties) = preSolution
		HideSolutionNode = FALSE
	EndGlobalSection
	GlobalSection(ExtensibilityGlobals) = postSolution
		SolutionGuid = {95F6F2FA-A54B-4F55-A12A-55AC16F9E999}
	EndGlobalSection
EndGlobal
