
Microsoft Visual Studio Solution File, Format Version 12.00
# Visual Studio Version 16
VisualStudioVersion = 16.0.33027.164
MinimumVisualStudioVersion = 10.0.40219.1
Project("{9A19103F-16F7-4668-BE54-9A1E7A4F7556}") = "TestNotificationApp", "TestNotificationApp.csproj", "{61E6F566-0496-4E2D-9BA9-D1D34C3694B8}"
EndProject
Global
	GlobalSection(SolutionConfigurationPlatforms) = preSolution
		Debug|Any CPU = Debug|Any CPU
		Release|Any CPU = Release|Any CPU
	EndGlobalSection
	GlobalSection(ProjectConfigurationPlatforms) = postSolution
		{61E6F566-0496-4E2D-9BA9-D1D34C3694B8}.Debug|Any CPU.ActiveCfg = Debug|Any CPU
		{61E6F566-0496-4E2D-9BA9-D1D34C3694B8}.Debug|Any CPU.Build.0 = Debug|Any CPU
		{61E6F566-0496-4E2D-9BA9-D1D34C3694B8}.Release|Any CPU.ActiveCfg = Release|Any CPU
		{61E6F566-0496-4E2D-9BA9-D1D34C3694B8}.Release|Any CPU.Build.0 = Release|Any CPU
	EndGlobalSection
	GlobalSection(SolutionProperties) = preSolution
		HideSolutionNode = FALSE
	EndGlobalSection
	GlobalSection(ExtensibilityGlobals) = postSolution
		SolutionGuid = {D6A191D3-5F9E-47EE-B64E-A5AE9FC7E6C7}
	EndGlobalSection
EndGlobal
